
Microsoft Visual Studio Solution File, Format Version 12.00
# Visual Studio 14
VisualStudioVersion = 14.0.23107.0
MinimumVisualStudioVersion = 10.0.40219.1
Project("{2150E333-8FDC-42A3-9474-1A3956D46DE8}") = "src", "src", "{CD140482-1876-4E92-9A82-5DB8A25BE952}"
EndProject
Project("{2150E333-8FDC-42A3-9474-1A3956D46DE8}") = "Solution Items", "Solution Items", "{0BEEF1F6-FDE6-4219-A67A-7A2EDAF2E271}"
	ProjectSection(SolutionItems) = preProject
		global.json = global.json
	EndProjectSection
EndProject
Project("{8BB2217D-0F2D-49D1-97BC-3654ED321F3B}") = "TPO3WebApi", "src\TPO3WebApi\TPO3WebApi.xproj", "{7B85225A-A17C-4E0B-9FC8-BECF197389B6}"
EndProject
Project("{FAE04EC0-301F-11D3-BF4B-00C04F79EFBC}") = "Core", "Core\Core.csproj", "{FED58E4A-CB75-469D-ADC1-2D74AC02D36D}"
EndProject
Project("{FAE04EC0-301F-11D3-BF4B-00C04F79EFBC}") = "Data", "Data\Data.csproj", "{1DF92997-7D39-4DBE-89B5-814131108D38}"
EndProject
Global
	GlobalSection(SolutionConfigurationPlatforms) = preSolution
		Debug|Any CPU = Debug|Any CPU
		Release|Any CPU = Release|Any CPU
	EndGlobalSection
	GlobalSection(ProjectConfigurationPlatforms) = postSolution
		{7B85225A-A17C-4E0B-9FC8-BECF197389B6}.Debug|Any CPU.ActiveCfg = Debug|Any CPU
		{7B85225A-A17C-4E0B-9FC8-BECF197389B6}.Debug|Any CPU.Build.0 = Debug|Any CPU
		{7B85225A-A17C-4E0B-9FC8-BECF197389B6}.Release|Any CPU.ActiveCfg = Release|Any CPU
		{7B85225A-A17C-4E0B-9FC8-BECF197389B6}.Release|Any CPU.Build.0 = Release|Any CPU
		{FED58E4A-CB75-469D-ADC1-2D74AC02D36D}.Debug|Any CPU.ActiveCfg = Debug|Any CPU
		{FED58E4A-CB75-469D-ADC1-2D74AC02D36D}.Debug|Any CPU.Build.0 = Debug|Any CPU
		{FED58E4A-CB75-469D-ADC1-2D74AC02D36D}.Release|Any CPU.ActiveCfg = Release|Any CPU
		{FED58E4A-CB75-469D-ADC1-2D74AC02D36D}.Release|Any CPU.Build.0 = Release|Any CPU
		{1DF92997-7D39-4DBE-89B5-814131108D38}.Debug|Any CPU.ActiveCfg = Debug|Any CPU
		{1DF92997-7D39-4DBE-89B5-814131108D38}.Debug|Any CPU.Build.0 = Debug|Any CPU
		{1DF92997-7D39-4DBE-89B5-814131108D38}.Release|Any CPU.ActiveCfg = Release|Any CPU
		{1DF92997-7D39-4DBE-89B5-814131108D38}.Release|Any CPU.Build.0 = Release|Any CPU
	EndGlobalSection
	GlobalSection(SolutionProperties) = preSolution
		HideSolutionNode = FALSE
	EndGlobalSection
	GlobalSection(NestedProjects) = preSolution
		{7B85225A-A17C-4E0B-9FC8-BECF197389B6} = {CD140482-1876-4E92-9A82-5DB8A25BE952}
		{FED58E4A-CB75-469D-ADC1-2D74AC02D36D} = {CD140482-1876-4E92-9A82-5DB8A25BE952}
		{1DF92997-7D39-4DBE-89B5-814131108D38} = {CD140482-1876-4E92-9A82-5DB8A25BE952}
	EndGlobalSection
EndGlobal
